
Microsoft Visual Studio Solution File, Format Version 12.00
# Visual Studio Version 17
VisualStudioVersion = 17.13.35913.81 d17.13
MinimumVisualStudioVersion = 10.0.40219.1
Project("{FAE04EC0-301F-11D3-BF4B-00C04F79EFBC}") = "Task.Api", "Task.Api\Task.Api.csproj", "{23AC8AB2-F399-4A64-8EF1-C642A1AB8088}"
EndProject
Global
	GlobalSection(SolutionConfigurationPlatforms) = preSolution
		Debug|Any CPU = Debug|Any CPU
		Release|Any CPU = Release|Any CPU
	EndGlobalSection
	GlobalSection(ProjectConfigurationPlatforms) = postSolution
		{23AC8AB2-F399-4A64-8EF1-C642A1AB8088}.Debug|Any CPU.ActiveCfg = Debug|Any CPU
		{23AC8AB2-F399-4A64-8EF1-C642A1AB8088}.Debug|Any CPU.Build.0 = Debug|Any CPU
		{23AC8AB2-F399-4A64-8EF1-C642A1AB8088}.Release|Any CPU.ActiveCfg = Release|Any CPU
		{23AC8AB2-F399-4A64-8EF1-C642A1AB8088}.Release|Any CPU.Build.0 = Release|Any CPU
	EndGlobalSection
	GlobalSection(SolutionProperties) = preSolution
		HideSolutionNode = FALSE
	EndGlobalSection
	GlobalSection(ExtensibilityGlobals) = postSolution
		SolutionGuid = {D9800274-CC3C-4692-B5E1-7C13E30C37A0}
	EndGlobalSection
EndGlobal
